
Microsoft Visual Studio Solution File, Format Version 12.00
# Visual Studio 15
VisualStudioVersion = 15.0.26124.0
MinimumVisualStudioVersion = 15.0.26124.0
Project("{FAE04EC0-301F-11D3-BF4B-00C04F79EFBC}") = "R5T.Solida.Standard.Construction", "R5T.Solida.Standard.Construction\R5T.Solida.Standard.Construction.csproj", "{80D6383F-4684-431B-8F6D-2900337C114A}"
EndProject
Project("{FAE04EC0-301F-11D3-BF4B-00C04F79EFBC}") = "R5T.Solida.Standard", "R5T.Solida.Standard\R5T.Solida.Standard.csproj", "{E20EFDC8-225B-4E61-A54D-F583B60875A0}"
EndProject
Project("{FAE04EC0-301F-11D3-BF4B-00C04F79EFBC}") = "R5T.Solida.Standard.Testing", "R5T.Solida.Standard.Testing\R5T.Solida.Standard.Testing.csproj", "{F2C2C701-0260-4333-AAD5-205832A15FB7}"
EndProject
Global
	GlobalSection(SolutionConfigurationPlatforms) = preSolution
		Debug|Any CPU = Debug|Any CPU
		Debug|x64 = Debug|x64
		Debug|x86 = Debug|x86
		Release|Any CPU = Release|Any CPU
		Release|x64 = Release|x64
		Release|x86 = Release|x86
	EndGlobalSection
	GlobalSection(SolutionProperties) = preSolution
		HideSolutionNode = FALSE
	EndGlobalSection
	GlobalSection(ProjectConfigurationPlatforms) = postSolution
		{80D6383F-4684-431B-8F6D-2900337C114A}.Debug|Any CPU.ActiveCfg = Debug|Any CPU
		{80D6383F-4684-431B-8F6D-2900337C114A}.Debug|Any CPU.Build.0 = Debug|Any CPU
		{80D6383F-4684-431B-8F6D-2900337C114A}.Debug|x64.ActiveCfg = Debug|Any CPU
		{80D6383F-4684-431B-8F6D-2900337C114A}.Debug|x64.Build.0 = Debug|Any CPU
		{80D6383F-4684-431B-8F6D-2900337C114A}.Debug|x86.ActiveCfg = Debug|Any CPU
		{80D6383F-4684-431B-8F6D-2900337C114A}.Debug|x86.Build.0 = Debug|Any CPU
		{80D6383F-4684-431B-8F6D-2900337C114A}.Release|Any CPU.ActiveCfg = Release|Any CPU
		{80D6383F-4684-431B-8F6D-2900337C114A}.Release|Any CPU.Build.0 = Release|Any CPU
		{80D6383F-4684-431B-8F6D-2900337C114A}.Release|x64.ActiveCfg = Release|Any CPU
		{80D6383F-4684-431B-8F6D-2900337C114A}.Release|x64.Build.0 = Release|Any CPU
		{80D6383F-4684-431B-8F6D-2900337C114A}.Release|x86.ActiveCfg = Release|Any CPU
		{80D6383F-4684-431B-8F6D-2900337C114A}.Release|x86.Build.0 = Release|Any CPU
		{E20EFDC8-225B-4E61-A54D-F583B60875A0}.Debug|Any CPU.ActiveCfg = Debug|Any CPU
		{E20EFDC8-225B-4E61-A54D-F583B60875A0}.Debug|Any CPU.Build.0 = Debug|Any CPU
		{E20EFDC8-225B-4E61-A54D-F583B60875A0}.Debug|x64.ActiveCfg = Debug|Any CPU
		{E20EFDC8-225B-4E61-A54D-F583B60875A0}.Debug|x64.Build.0 = Debug|Any CPU
		{E20EFDC8-225B-4E61-A54D-F583B60875A0}.Debug|x86.ActiveCfg = Debug|Any CPU
		{E20EFDC8-225B-4E61-A54D-F583B60875A0}.Debug|x86.Build.0 = Debug|Any CPU
		{E20EFDC8-225B-4E61-A54D-F583B60875A0}.Release|Any CPU.ActiveCfg = Release|Any CPU
		{E20EFDC8-225B-4E61-A54D-F583B60875A0}.Release|Any CPU.Build.0 = Release|Any CPU
		{E20EFDC8-225B-4E61-A54D-F583B60875A0}.Release|x64.ActiveCfg = Release|Any CPU
		{E20EFDC8-225B-4E61-A54D-F583B60875A0}.Release|x64.Build.0 = Release|Any CPU
		{E20EFDC8-225B-4E61-A54D-F583B60875A0}.Release|x86.ActiveCfg = Release|Any CPU
		{E20EFDC8-225B-4E61-A54D-F583B60875A0}.Release|x86.Build.0 = Release|Any CPU
		{F2C2C701-0260-4333-AAD5-205832A15FB7}.Debug|Any CPU.ActiveCfg = Debug|Any CPU
		{F2C2C701-0260-4333-AAD5-205832A15FB7}.Debug|Any CPU.Build.0 = Debug|Any CPU
		{F2C2C701-0260-4333-AAD5-205832A15FB7}.Debug|x64.ActiveCfg = Debug|Any CPU
		{F2C2C701-0260-4333-AAD5-205832A15FB7}.Debug|x64.Build.0 = Debug|Any CPU
		{F2C2C701-0260-4333-AAD5-205832A15FB7}.Debug|x86.ActiveCfg = Debug|Any CPU
		{F2C2C701-0260-4333-AAD5-205832A15FB7}.Debug|x86.Build.0 = Debug|Any CPU
		{F2C2C701-0260-4333-AAD5-205832A15FB7}.Release|Any CPU.ActiveCfg = Release|Any CPU
		{F2C2C701-0260-4333-AAD5-205832A15FB7}.Release|Any CPU.Build.0 = Release|Any CPU
		{F2C2C701-0260-4333-AAD5-205832A15FB7}.Release|x64.ActiveCfg = Release|Any CPU
		{F2C2C701-0260-4333-AAD5-205832A15FB7}.Release|x64.Build.0 = Release|Any CPU
		{F2C2C701-0260-4333-AAD5-205832A15FB7}.Release|x86.ActiveCfg = Release|Any CPU
		{F2C2C701-0260-4333-AAD5-205832A15FB7}.Release|x86.Build.0 = Release|Any CPU
	EndGlobalSection
EndGlobal
