
Microsoft Visual Studio Solution File, Format Version 12.00
# Visual Studio 15
VisualStudioVersion = 15.0.26124.0
MinimumVisualStudioVersion = 15.0.26124.0
Project("{9A19103F-16F7-4668-BE54-9A1E7A4F7556}") = "R5T.Solida.Standard.Construction", "R5T.Solida.Standard.Construction\R5T.Solida.Standard.Construction.csproj", "{80D6383F-4684-431B-8F6D-2900337C114A}"
EndProject
Project("{9A19103F-16F7-4668-BE54-9A1E7A4F7556}") = "R5T.Solida.Standard", "R5T.Solida.Standard\R5T.Solida.Standard.csproj", "{E20EFDC8-225B-4E61-A54D-F583B60875A0}"
EndProject
Project("{9A19103F-16F7-4668-BE54-9A1E7A4F7556}") = "R5T.Solida.Standard.Testing", "R5T.Solida.Standard.Testing\R5T.Solida.Standard.Testing.csproj", "{F2C2C701-0260-4333-AAD5-205832A15FB7}"
EndProject
Project("{2150E333-8FDC-42A3-9474-1A3956D46DE8}") = "_Dependencies", "_Dependencies", "{F6E37CC1-13DD-49BE-B04D-AE5F3D9EC1E5}"
EndProject
Project("{9A19103F-16F7-4668-BE54-9A1E7A4F7556}") = "R5T.Solida.Solutas", "..\..\R5T.Solida.Solutas\source\R5T.Solida.Solutas\R5T.Solida.Solutas.csproj", "{4356FE72-84B7-4DA1-B99D-12BEDC353682}"
EndProject
Project("{9A19103F-16F7-4668-BE54-9A1E7A4F7556}") = "R5T.Solutas.Standard", "..\..\R5T.Solutas.Standard\source\R5T.Solutas.Standard\R5T.Solutas.Standard.csproj", "{7543724A-C464-40FF-BEFD-0063B8BBE066}"
EndProject
Project("{9A19103F-16F7-4668-BE54-9A1E7A4F7556}") = "R5T.Dacia.Extensions", "..\..\R5T.Dacia.Extensions\source\R5T.Dacia.Extensions\R5T.Dacia.Extensions.csproj", "{BAE121B3-2AB6-47A4-8EFD-326DB08A30BF}"
EndProject
Project("{9A19103F-16F7-4668-BE54-9A1E7A4F7556}") = "R5T.Dacia", "..\..\R5T.Dacia\source\R5T.Dacia\R5T.Dacia.csproj", "{7AFFFF84-F609-492C-9A33-66ADC65F82EE}"
EndProject
Project("{9A19103F-16F7-4668-BE54-9A1E7A4F7556}") = "R5T.Solida.Base", "..\..\R5T.Solida.Base\source\R5T.Solida.Base\R5T.Solida.Base.csproj", "{142BDED6-9889-4494-BE79-CEA67314FF69}"
EndProject
Project("{9A19103F-16F7-4668-BE54-9A1E7A4F7556}") = "R5T.Cambridge.Types", "..\..\R5T.Cambridge.Types\source\R5T.Cambridge.Types\R5T.Cambridge.Types.csproj", "{57B7FD8D-60A9-4D90-96D7-C62D4484F001}"
EndProject
Project("{9A19103F-16F7-4668-BE54-9A1E7A4F7556}") = "R5T.Solutas.Base", "..\..\R5T.Solutas.Base\source\R5T.Solutas.Base\R5T.Solutas.Base.csproj", "{5605ED8B-9938-4F13-A331-7F390ED6086E}"
EndProject
Project("{9A19103F-16F7-4668-BE54-9A1E7A4F7556}") = "R5T.Megara.Base", "..\..\R5T.Megara.Base\source\R5T.Megara.Base\R5T.Megara.Base.csproj", "{350B28EE-9CD6-40C5-B326-A6CC9FE13ED0}"
EndProject
Project("{9A19103F-16F7-4668-BE54-9A1E7A4F7556}") = "R5T.Megara.TextSerializer", "..\..\R5T.Megara.TextSerializer\source\R5T.Megara.TextSerializer\R5T.Megara.TextSerializer.csproj", "{ACC2E0DD-452D-4DA9-ACF8-0FDE2B669715}"
EndProject
Project("{9A19103F-16F7-4668-BE54-9A1E7A4F7556}") = "R5T.Megara.Stockholm.Standard", "..\..\R5T.Megara.Stockholm.Standard\source\R5T.Megara.Stockholm.Standard\R5T.Megara.Stockholm.Standard.csproj", "{BD6CA939-A4C6-46D0-9BC1-8FF461394AE7}"
EndProject
Project("{9A19103F-16F7-4668-BE54-9A1E7A4F7556}") = "R5T.Megara.Stockholm", "..\..\R5T.Megara.Stockholm\source\R5T.Megara.Stockholm\R5T.Megara.Stockholm.csproj", "{25003DA9-5F00-4A11-8BA2-EB33F1E6722E}"
EndProject
Project("{9A19103F-16F7-4668-BE54-9A1E7A4F7556}") = "R5T.Magyar", "..\..\R5T.Magyar\source\R5T.Magyar\R5T.Magyar.csproj", "{B908213A-6A92-483B-80FE-25A3B1C738AB}"
EndProject
Project("{9A19103F-16F7-4668-BE54-9A1E7A4F7556}") = "R5T.Stockholm.Base", "..\..\R5T.Stockholm.Base\source\R5T.Stockholm.Base\R5T.Stockholm.Base.csproj", "{27415ED2-81B9-4ADC-9170-3A5D5A6C52A6}"
EndProject
Project("{9A19103F-16F7-4668-BE54-9A1E7A4F7556}") = "R5T.Stockholm.Tiros.Standard", "..\..\R5T.Stockholm.Tiros.Standard\source\R5T.Stockholm.Tiros.Standard\R5T.Stockholm.Tiros.Standard.csproj", "{663291FB-996A-46E0-B528-CE636AC119AB}"
EndProject
Project("{9A19103F-16F7-4668-BE54-9A1E7A4F7556}") = "R5T.Opatia", "..\..\R5T.Opatia\source\R5T.Opatia\R5T.Opatia.csproj", "{C69FB28F-1897-414F-AFDC-64FB4CAA5332}"
EndProject
Project("{9A19103F-16F7-4668-BE54-9A1E7A4F7556}") = "R5T.Stockholm.Default", "..\..\R5T.Stockholm.Default\source\R5T.Stockholm.Default\R5T.Stockholm.Default.csproj", "{5F9865AB-D4C0-4AF7-953B-7D0F0FD71E0A}"
EndProject
Project("{9A19103F-16F7-4668-BE54-9A1E7A4F7556}") = "R5T.Stockholm.Tiros", "..\..\R5T.Stockholm.Tiros\source\R5T.Stockholm.Tiros\R5T.Stockholm.Tiros.csproj", "{409156A4-274B-4398-9A98-313C8C9EB7CC}"
EndProject
Project("{9A19103F-16F7-4668-BE54-9A1E7A4F7556}") = "R5T.Tiros.Base", "..\..\R5T.Tiros.Base\source\R5T.Tiros.Base\R5T.Tiros.Base.csproj", "{2F607BD8-B59F-47B9-88EB-CA95C3BCDA13}"
EndProject
Project("{9A19103F-16F7-4668-BE54-9A1E7A4F7556}") = "R5T.Solutas.Megara", "..\..\R5T.Solutas.Megara\source\R5T.Solutas.Megara\R5T.Solutas.Megara.csproj", "{17380A79-80C3-4B93-B10A-C9BF38CAC355}"
EndProject
Project("{9A19103F-16F7-4668-BE54-9A1E7A4F7556}") = "R5T.Megara.Default", "..\..\R5T.Megara.Default\source\R5T.Megara.Default\R5T.Megara.Default.csproj", "{E4E53265-229A-47C5-BD71-DB96694086C4}"
EndProject
Project("{9A19103F-16F7-4668-BE54-9A1E7A4F7556}") = "R5T.Solutas.Tiros", "..\..\R5T.Solutas.Tiros\source\R5T.Solutas.Tiros\R5T.Solutas.Tiros.csproj", "{6FED423D-568D-46B7-B3FA-B795AF73319F}"
EndProject
Global
	GlobalSection(SolutionConfigurationPlatforms) = preSolution
		Debug|Any CPU = Debug|Any CPU
		Debug|x64 = Debug|x64
		Debug|x86 = Debug|x86
		Release|Any CPU = Release|Any CPU
		Release|x64 = Release|x64
		Release|x86 = Release|x86
	EndGlobalSection
	GlobalSection(ProjectConfigurationPlatforms) = postSolution
		{80D6383F-4684-431B-8F6D-2900337C114A}.Debug|Any CPU.ActiveCfg = Debug|Any CPU
		{80D6383F-4684-431B-8F6D-2900337C114A}.Debug|Any CPU.Build.0 = Debug|Any CPU
		{80D6383F-4684-431B-8F6D-2900337C114A}.Debug|x64.ActiveCfg = Debug|Any CPU
		{80D6383F-4684-431B-8F6D-2900337C114A}.Debug|x64.Build.0 = Debug|Any CPU
		{80D6383F-4684-431B-8F6D-2900337C114A}.Debug|x86.ActiveCfg = Debug|Any CPU
		{80D6383F-4684-431B-8F6D-2900337C114A}.Debug|x86.Build.0 = Debug|Any CPU
		{80D6383F-4684-431B-8F6D-2900337C114A}.Release|Any CPU.ActiveCfg = Release|Any CPU
		{80D6383F-4684-431B-8F6D-2900337C114A}.Release|Any CPU.Build.0 = Release|Any CPU
		{80D6383F-4684-431B-8F6D-2900337C114A}.Release|x64.ActiveCfg = Release|Any CPU
		{80D6383F-4684-431B-8F6D-2900337C114A}.Release|x64.Build.0 = Release|Any CPU
		{80D6383F-4684-431B-8F6D-2900337C114A}.Release|x86.ActiveCfg = Release|Any CPU
		{80D6383F-4684-431B-8F6D-2900337C114A}.Release|x86.Build.0 = Release|Any CPU
		{E20EFDC8-225B-4E61-A54D-F583B60875A0}.Debug|Any CPU.ActiveCfg = Debug|Any CPU
		{E20EFDC8-225B-4E61-A54D-F583B60875A0}.Debug|Any CPU.Build.0 = Debug|Any CPU
		{E20EFDC8-225B-4E61-A54D-F583B60875A0}.Debug|x64.ActiveCfg = Debug|Any CPU
		{E20EFDC8-225B-4E61-A54D-F583B60875A0}.Debug|x64.Build.0 = Debug|Any CPU
		{E20EFDC8-225B-4E61-A54D-F583B60875A0}.Debug|x86.ActiveCfg = Debug|Any CPU
		{E20EFDC8-225B-4E61-A54D-F583B60875A0}.Debug|x86.Build.0 = Debug|Any CPU
		{E20EFDC8-225B-4E61-A54D-F583B60875A0}.Release|Any CPU.ActiveCfg = Release|Any CPU
		{E20EFDC8-225B-4E61-A54D-F583B60875A0}.Release|Any CPU.Build.0 = Release|Any CPU
		{E20EFDC8-225B-4E61-A54D-F583B60875A0}.Release|x64.ActiveCfg = Release|Any CPU
		{E20EFDC8-225B-4E61-A54D-F583B60875A0}.Release|x64.Build.0 = Release|Any CPU
		{E20EFDC8-225B-4E61-A54D-F583B60875A0}.Release|x86.ActiveCfg = Release|Any CPU
		{E20EFDC8-225B-4E61-A54D-F583B60875A0}.Release|x86.Build.0 = Release|Any CPU
		{F2C2C701-0260-4333-AAD5-205832A15FB7}.Debug|Any CPU.ActiveCfg = Debug|Any CPU
		{F2C2C701-0260-4333-AAD5-205832A15FB7}.Debug|Any CPU.Build.0 = Debug|Any CPU
		{F2C2C701-0260-4333-AAD5-205832A15FB7}.Debug|x64.ActiveCfg = Debug|Any CPU
		{F2C2C701-0260-4333-AAD5-205832A15FB7}.Debug|x64.Build.0 = Debug|Any CPU
		{F2C2C701-0260-4333-AAD5-205832A15FB7}.Debug|x86.ActiveCfg = Debug|Any CPU
		{F2C2C701-0260-4333-AAD5-205832A15FB7}.Debug|x86.Build.0 = Debug|Any CPU
		{F2C2C701-0260-4333-AAD5-205832A15FB7}.Release|Any CPU.ActiveCfg = Release|Any CPU
		{F2C2C701-0260-4333-AAD5-205832A15FB7}.Release|Any CPU.Build.0 = Release|Any CPU
		{F2C2C701-0260-4333-AAD5-205832A15FB7}.Release|x64.ActiveCfg = Release|Any CPU
		{F2C2C701-0260-4333-AAD5-205832A15FB7}.Release|x64.Build.0 = Release|Any CPU
		{F2C2C701-0260-4333-AAD5-205832A15FB7}.Release|x86.ActiveCfg = Release|Any CPU
		{F2C2C701-0260-4333-AAD5-205832A15FB7}.Release|x86.Build.0 = Release|Any CPU
		{4356FE72-84B7-4DA1-B99D-12BEDC353682}.Debug|Any CPU.ActiveCfg = Debug|Any CPU
		{4356FE72-84B7-4DA1-B99D-12BEDC353682}.Debug|Any CPU.Build.0 = Debug|Any CPU
		{4356FE72-84B7-4DA1-B99D-12BEDC353682}.Debug|x64.ActiveCfg = Debug|Any CPU
		{4356FE72-84B7-4DA1-B99D-12BEDC353682}.Debug|x64.Build.0 = Debug|Any CPU
		{4356FE72-84B7-4DA1-B99D-12BEDC353682}.Debug|x86.ActiveCfg = Debug|Any CPU
		{4356FE72-84B7-4DA1-B99D-12BEDC353682}.Debug|x86.Build.0 = Debug|Any CPU
		{4356FE72-84B7-4DA1-B99D-12BEDC353682}.Release|Any CPU.ActiveCfg = Release|Any CPU
		{4356FE72-84B7-4DA1-B99D-12BEDC353682}.Release|Any CPU.Build.0 = Release|Any CPU
		{4356FE72-84B7-4DA1-B99D-12BEDC353682}.Release|x64.ActiveCfg = Release|Any CPU
		{4356FE72-84B7-4DA1-B99D-12BEDC353682}.Release|x64.Build.0 = Release|Any CPU
		{4356FE72-84B7-4DA1-B99D-12BEDC353682}.Release|x86.ActiveCfg = Release|Any CPU
		{4356FE72-84B7-4DA1-B99D-12BEDC353682}.Release|x86.Build.0 = Release|Any CPU
		{7543724A-C464-40FF-BEFD-0063B8BBE066}.Debug|Any CPU.ActiveCfg = Debug|Any CPU
		{7543724A-C464-40FF-BEFD-0063B8BBE066}.Debug|Any CPU.Build.0 = Debug|Any CPU
		{7543724A-C464-40FF-BEFD-0063B8BBE066}.Debug|x64.ActiveCfg = Debug|Any CPU
		{7543724A-C464-40FF-BEFD-0063B8BBE066}.Debug|x64.Build.0 = Debug|Any CPU
		{7543724A-C464-40FF-BEFD-0063B8BBE066}.Debug|x86.ActiveCfg = Debug|Any CPU
		{7543724A-C464-40FF-BEFD-0063B8BBE066}.Debug|x86.Build.0 = Debug|Any CPU
		{7543724A-C464-40FF-BEFD-0063B8BBE066}.Release|Any CPU.ActiveCfg = Release|Any CPU
		{7543724A-C464-40FF-BEFD-0063B8BBE066}.Release|Any CPU.Build.0 = Release|Any CPU
		{7543724A-C464-40FF-BEFD-0063B8BBE066}.Release|x64.ActiveCfg = Release|Any CPU
		{7543724A-C464-40FF-BEFD-0063B8BBE066}.Release|x64.Build.0 = Release|Any CPU
		{7543724A-C464-40FF-BEFD-0063B8BBE066}.Release|x86.ActiveCfg = Release|Any CPU
		{7543724A-C464-40FF-BEFD-0063B8BBE066}.Release|x86.Build.0 = Release|Any CPU
		{BAE121B3-2AB6-47A4-8EFD-326DB08A30BF}.Debug|Any CPU.ActiveCfg = Debug|Any CPU
		{BAE121B3-2AB6-47A4-8EFD-326DB08A30BF}.Debug|Any CPU.Build.0 = Debug|Any CPU
		{BAE121B3-2AB6-47A4-8EFD-326DB08A30BF}.Debug|x64.ActiveCfg = Debug|Any CPU
		{BAE121B3-2AB6-47A4-8EFD-326DB08A30BF}.Debug|x64.Build.0 = Debug|Any CPU
		{BAE121B3-2AB6-47A4-8EFD-326DB08A30BF}.Debug|x86.ActiveCfg = Debug|Any CPU
		{BAE121B3-2AB6-47A4-8EFD-326DB08A30BF}.Debug|x86.Build.0 = Debug|Any CPU
		{BAE121B3-2AB6-47A4-8EFD-326DB08A30BF}.Release|Any CPU.ActiveCfg = Release|Any CPU
		{BAE121B3-2AB6-47A4-8EFD-326DB08A30BF}.Release|Any CPU.Build.0 = Release|Any CPU
		{BAE121B3-2AB6-47A4-8EFD-326DB08A30BF}.Release|x64.ActiveCfg = Release|Any CPU
		{BAE121B3-2AB6-47A4-8EFD-326DB08A30BF}.Release|x64.Build.0 = Release|Any CPU
		{BAE121B3-2AB6-47A4-8EFD-326DB08A30BF}.Release|x86.ActiveCfg = Release|Any CPU
		{BAE121B3-2AB6-47A4-8EFD-326DB08A30BF}.Release|x86.Build.0 = Release|Any CPU
		{7AFFFF84-F609-492C-9A33-66ADC65F82EE}.Debug|Any CPU.ActiveCfg = Debug|Any CPU
		{7AFFFF84-F609-492C-9A33-66ADC65F82EE}.Debug|Any CPU.Build.0 = Debug|Any CPU
		{7AFFFF84-F609-492C-9A33-66ADC65F82EE}.Debug|x64.ActiveCfg = Debug|Any CPU
		{7AFFFF84-F609-492C-9A33-66ADC65F82EE}.Debug|x64.Build.0 = Debug|Any CPU
		{7AFFFF84-F609-492C-9A33-66ADC65F82EE}.Debug|x86.ActiveCfg = Debug|Any CPU
		{7AFFFF84-F609-492C-9A33-66ADC65F82EE}.Debug|x86.Build.0 = Debug|Any CPU
		{7AFFFF84-F609-492C-9A33-66ADC65F82EE}.Release|Any CPU.ActiveCfg = Release|Any CPU
		{7AFFFF84-F609-492C-9A33-66ADC65F82EE}.Release|Any CPU.Build.0 = Release|Any CPU
		{7AFFFF84-F609-492C-9A33-66ADC65F82EE}.Release|x64.ActiveCfg = Release|Any CPU
		{7AFFFF84-F609-492C-9A33-66ADC65F82EE}.Release|x64.Build.0 = Release|Any CPU
		{7AFFFF84-F609-492C-9A33-66ADC65F82EE}.Release|x86.ActiveCfg = Release|Any CPU
		{7AFFFF84-F609-492C-9A33-66ADC65F82EE}.Release|x86.Build.0 = Release|Any CPU
		{142BDED6-9889-4494-BE79-CEA67314FF69}.Debug|Any CPU.ActiveCfg = Debug|Any CPU
		{142BDED6-9889-4494-BE79-CEA67314FF69}.Debug|Any CPU.Build.0 = Debug|Any CPU
		{142BDED6-9889-4494-BE79-CEA67314FF69}.Debug|x64.ActiveCfg = Debug|Any CPU
		{142BDED6-9889-4494-BE79-CEA67314FF69}.Debug|x64.Build.0 = Debug|Any CPU
		{142BDED6-9889-4494-BE79-CEA67314FF69}.Debug|x86.ActiveCfg = Debug|Any CPU
		{142BDED6-9889-4494-BE79-CEA67314FF69}.Debug|x86.Build.0 = Debug|Any CPU
		{142BDED6-9889-4494-BE79-CEA67314FF69}.Release|Any CPU.ActiveCfg = Release|Any CPU
		{142BDED6-9889-4494-BE79-CEA67314FF69}.Release|Any CPU.Build.0 = Release|Any CPU
		{142BDED6-9889-4494-BE79-CEA67314FF69}.Release|x64.ActiveCfg = Release|Any CPU
		{142BDED6-9889-4494-BE79-CEA67314FF69}.Release|x64.Build.0 = Release|Any CPU
		{142BDED6-9889-4494-BE79-CEA67314FF69}.Release|x86.ActiveCfg = Release|Any CPU
		{142BDED6-9889-4494-BE79-CEA67314FF69}.Release|x86.Build.0 = Release|Any CPU
		{57B7FD8D-60A9-4D90-96D7-C62D4484F001}.Debug|Any CPU.ActiveCfg = Debug|Any CPU
		{57B7FD8D-60A9-4D90-96D7-C62D4484F001}.Debug|Any CPU.Build.0 = Debug|Any CPU
		{57B7FD8D-60A9-4D90-96D7-C62D4484F001}.Debug|x64.ActiveCfg = Debug|Any CPU
		{57B7FD8D-60A9-4D90-96D7-C62D4484F001}.Debug|x64.Build.0 = Debug|Any CPU
		{57B7FD8D-60A9-4D90-96D7-C62D4484F001}.Debug|x86.ActiveCfg = Debug|Any CPU
		{57B7FD8D-60A9-4D90-96D7-C62D4484F001}.Debug|x86.Build.0 = Debug|Any CPU
		{57B7FD8D-60A9-4D90-96D7-C62D4484F001}.Release|Any CPU.ActiveCfg = Release|Any CPU
		{57B7FD8D-60A9-4D90-96D7-C62D4484F001}.Release|Any CPU.Build.0 = Release|Any CPU
		{57B7FD8D-60A9-4D90-96D7-C62D4484F001}.Release|x64.ActiveCfg = Release|Any CPU
		{57B7FD8D-60A9-4D90-96D7-C62D4484F001}.Release|x64.Build.0 = Release|Any CPU
		{57B7FD8D-60A9-4D90-96D7-C62D4484F001}.Release|x86.ActiveCfg = Release|Any CPU
		{57B7FD8D-60A9-4D90-96D7-C62D4484F001}.Release|x86.Build.0 = Release|Any CPU
		{5605ED8B-9938-4F13-A331-7F390ED6086E}.Debug|Any CPU.ActiveCfg = Debug|Any CPU
		{5605ED8B-9938-4F13-A331-7F390ED6086E}.Debug|Any CPU.Build.0 = Debug|Any CPU
		{5605ED8B-9938-4F13-A331-7F390ED6086E}.Debug|x64.ActiveCfg = Debug|Any CPU
		{5605ED8B-9938-4F13-A331-7F390ED6086E}.Debug|x64.Build.0 = Debug|Any CPU
		{5605ED8B-9938-4F13-A331-7F390ED6086E}.Debug|x86.ActiveCfg = Debug|Any CPU
		{5605ED8B-9938-4F13-A331-7F390ED6086E}.Debug|x86.Build.0 = Debug|Any CPU
		{5605ED8B-9938-4F13-A331-7F390ED6086E}.Release|Any CPU.ActiveCfg = Release|Any CPU
		{5605ED8B-9938-4F13-A331-7F390ED6086E}.Release|Any CPU.Build.0 = Release|Any CPU
		{5605ED8B-9938-4F13-A331-7F390ED6086E}.Release|x64.ActiveCfg = Release|Any CPU
		{5605ED8B-9938-4F13-A331-7F390ED6086E}.Release|x64.Build.0 = Release|Any CPU
		{5605ED8B-9938-4F13-A331-7F390ED6086E}.Release|x86.ActiveCfg = Release|Any CPU
		{5605ED8B-9938-4F13-A331-7F390ED6086E}.Release|x86.Build.0 = Release|Any CPU
		{350B28EE-9CD6-40C5-B326-A6CC9FE13ED0}.Debug|Any CPU.ActiveCfg = Debug|Any CPU
		{350B28EE-9CD6-40C5-B326-A6CC9FE13ED0}.Debug|Any CPU.Build.0 = Debug|Any CPU
		{350B28EE-9CD6-40C5-B326-A6CC9FE13ED0}.Debug|x64.ActiveCfg = Debug|Any CPU
		{350B28EE-9CD6-40C5-B326-A6CC9FE13ED0}.Debug|x64.Build.0 = Debug|Any CPU
		{350B28EE-9CD6-40C5-B326-A6CC9FE13ED0}.Debug|x86.ActiveCfg = Debug|Any CPU
		{350B28EE-9CD6-40C5-B326-A6CC9FE13ED0}.Debug|x86.Build.0 = Debug|Any CPU
		{350B28EE-9CD6-40C5-B326-A6CC9FE13ED0}.Release|Any CPU.ActiveCfg = Release|Any CPU
		{350B28EE-9CD6-40C5-B326-A6CC9FE13ED0}.Release|Any CPU.Build.0 = Release|Any CPU
		{350B28EE-9CD6-40C5-B326-A6CC9FE13ED0}.Release|x64.ActiveCfg = Release|Any CPU
		{350B28EE-9CD6-40C5-B326-A6CC9FE13ED0}.Release|x64.Build.0 = Release|Any CPU
		{350B28EE-9CD6-40C5-B326-A6CC9FE13ED0}.Release|x86.ActiveCfg = Release|Any CPU
		{350B28EE-9CD6-40C5-B326-A6CC9FE13ED0}.Release|x86.Build.0 = Release|Any CPU
		{ACC2E0DD-452D-4DA9-ACF8-0FDE2B669715}.Debug|Any CPU.ActiveCfg = Debug|Any CPU
		{ACC2E0DD-452D-4DA9-ACF8-0FDE2B669715}.Debug|Any CPU.Build.0 = Debug|Any CPU
		{ACC2E0DD-452D-4DA9-ACF8-0FDE2B669715}.Debug|x64.ActiveCfg = Debug|Any CPU
		{ACC2E0DD-452D-4DA9-ACF8-0FDE2B669715}.Debug|x64.Build.0 = Debug|Any CPU
		{ACC2E0DD-452D-4DA9-ACF8-0FDE2B669715}.Debug|x86.ActiveCfg = Debug|Any CPU
		{ACC2E0DD-452D-4DA9-ACF8-0FDE2B669715}.Debug|x86.Build.0 = Debug|Any CPU
		{ACC2E0DD-452D-4DA9-ACF8-0FDE2B669715}.Release|Any CPU.ActiveCfg = Release|Any CPU
		{ACC2E0DD-452D-4DA9-ACF8-0FDE2B669715}.Release|Any CPU.Build.0 = Release|Any CPU
		{ACC2E0DD-452D-4DA9-ACF8-0FDE2B669715}.Release|x64.ActiveCfg = Release|Any CPU
		{ACC2E0DD-452D-4DA9-ACF8-0FDE2B669715}.Release|x64.Build.0 = Release|Any CPU
		{ACC2E0DD-452D-4DA9-ACF8-0FDE2B669715}.Release|x86.ActiveCfg = Release|Any CPU
		{ACC2E0DD-452D-4DA9-ACF8-0FDE2B669715}.Release|x86.Build.0 = Release|Any CPU
		{BD6CA939-A4C6-46D0-9BC1-8FF461394AE7}.Debug|Any CPU.ActiveCfg = Debug|Any CPU
		{BD6CA939-A4C6-46D0-9BC1-8FF461394AE7}.Debug|Any CPU.Build.0 = Debug|Any CPU
		{BD6CA939-A4C6-46D0-9BC1-8FF461394AE7}.Debug|x64.ActiveCfg = Debug|Any CPU
		{BD6CA939-A4C6-46D0-9BC1-8FF461394AE7}.Debug|x64.Build.0 = Debug|Any CPU
		{BD6CA939-A4C6-46D0-9BC1-8FF461394AE7}.Debug|x86.ActiveCfg = Debug|Any CPU
		{BD6CA939-A4C6-46D0-9BC1-8FF461394AE7}.Debug|x86.Build.0 = Debug|Any CPU
		{BD6CA939-A4C6-46D0-9BC1-8FF461394AE7}.Release|Any CPU.ActiveCfg = Release|Any CPU
		{BD6CA939-A4C6-46D0-9BC1-8FF461394AE7}.Release|Any CPU.Build.0 = Release|Any CPU
		{BD6CA939-A4C6-46D0-9BC1-8FF461394AE7}.Release|x64.ActiveCfg = Release|Any CPU
		{BD6CA939-A4C6-46D0-9BC1-8FF461394AE7}.Release|x64.Build.0 = Release|Any CPU
		{BD6CA939-A4C6-46D0-9BC1-8FF461394AE7}.Release|x86.ActiveCfg = Release|Any CPU
		{BD6CA939-A4C6-46D0-9BC1-8FF461394AE7}.Release|x86.Build.0 = Release|Any CPU
		{25003DA9-5F00-4A11-8BA2-EB33F1E6722E}.Debug|Any CPU.ActiveCfg = Debug|Any CPU
		{25003DA9-5F00-4A11-8BA2-EB33F1E6722E}.Debug|Any CPU.Build.0 = Debug|Any CPU
		{25003DA9-5F00-4A11-8BA2-EB33F1E6722E}.Debug|x64.ActiveCfg = Debug|Any CPU
		{25003DA9-5F00-4A11-8BA2-EB33F1E6722E}.Debug|x64.Build.0 = Debug|Any CPU
		{25003DA9-5F00-4A11-8BA2-EB33F1E6722E}.Debug|x86.ActiveCfg = Debug|Any CPU
		{25003DA9-5F00-4A11-8BA2-EB33F1E6722E}.Debug|x86.Build.0 = Debug|Any CPU
		{25003DA9-5F00-4A11-8BA2-EB33F1E6722E}.Release|Any CPU.ActiveCfg = Release|Any CPU
		{25003DA9-5F00-4A11-8BA2-EB33F1E6722E}.Release|Any CPU.Build.0 = Release|Any CPU
		{25003DA9-5F00-4A11-8BA2-EB33F1E6722E}.Release|x64.ActiveCfg = Release|Any CPU
		{25003DA9-5F00-4A11-8BA2-EB33F1E6722E}.Release|x64.Build.0 = Release|Any CPU
		{25003DA9-5F00-4A11-8BA2-EB33F1E6722E}.Release|x86.ActiveCfg = Release|Any CPU
		{25003DA9-5F00-4A11-8BA2-EB33F1E6722E}.Release|x86.Build.0 = Release|Any CPU
		{B908213A-6A92-483B-80FE-25A3B1C738AB}.Debug|Any CPU.ActiveCfg = Debug|Any CPU
		{B908213A-6A92-483B-80FE-25A3B1C738AB}.Debug|Any CPU.Build.0 = Debug|Any CPU
		{B908213A-6A92-483B-80FE-25A3B1C738AB}.Debug|x64.ActiveCfg = Debug|Any CPU
		{B908213A-6A92-483B-80FE-25A3B1C738AB}.Debug|x64.Build.0 = Debug|Any CPU
		{B908213A-6A92-483B-80FE-25A3B1C738AB}.Debug|x86.ActiveCfg = Debug|Any CPU
		{B908213A-6A92-483B-80FE-25A3B1C738AB}.Debug|x86.Build.0 = Debug|Any CPU
		{B908213A-6A92-483B-80FE-25A3B1C738AB}.Release|Any CPU.ActiveCfg = Release|Any CPU
		{B908213A-6A92-483B-80FE-25A3B1C738AB}.Release|Any CPU.Build.0 = Release|Any CPU
		{B908213A-6A92-483B-80FE-25A3B1C738AB}.Release|x64.ActiveCfg = Release|Any CPU
		{B908213A-6A92-483B-80FE-25A3B1C738AB}.Release|x64.Build.0 = Release|Any CPU
		{B908213A-6A92-483B-80FE-25A3B1C738AB}.Release|x86.ActiveCfg = Release|Any CPU
		{B908213A-6A92-483B-80FE-25A3B1C738AB}.Release|x86.Build.0 = Release|Any CPU
		{27415ED2-81B9-4ADC-9170-3A5D5A6C52A6}.Debug|Any CPU.ActiveCfg = Debug|Any CPU
		{27415ED2-81B9-4ADC-9170-3A5D5A6C52A6}.Debug|Any CPU.Build.0 = Debug|Any CPU
		{27415ED2-81B9-4ADC-9170-3A5D5A6C52A6}.Debug|x64.ActiveCfg = Debug|Any CPU
		{27415ED2-81B9-4ADC-9170-3A5D5A6C52A6}.Debug|x64.Build.0 = Debug|Any CPU
		{27415ED2-81B9-4ADC-9170-3A5D5A6C52A6}.Debug|x86.ActiveCfg = Debug|Any CPU
		{27415ED2-81B9-4ADC-9170-3A5D5A6C52A6}.Debug|x86.Build.0 = Debug|Any CPU
		{27415ED2-81B9-4ADC-9170-3A5D5A6C52A6}.Release|Any CPU.ActiveCfg = Release|Any CPU
		{27415ED2-81B9-4ADC-9170-3A5D5A6C52A6}.Release|Any CPU.Build.0 = Release|Any CPU
		{27415ED2-81B9-4ADC-9170-3A5D5A6C52A6}.Release|x64.ActiveCfg = Release|Any CPU
		{27415ED2-81B9-4ADC-9170-3A5D5A6C52A6}.Release|x64.Build.0 = Release|Any CPU
		{27415ED2-81B9-4ADC-9170-3A5D5A6C52A6}.Release|x86.ActiveCfg = Release|Any CPU
		{27415ED2-81B9-4ADC-9170-3A5D5A6C52A6}.Release|x86.Build.0 = Release|Any CPU
		{663291FB-996A-46E0-B528-CE636AC119AB}.Debug|Any CPU.ActiveCfg = Debug|Any CPU
		{663291FB-996A-46E0-B528-CE636AC119AB}.Debug|Any CPU.Build.0 = Debug|Any CPU
		{663291FB-996A-46E0-B528-CE636AC119AB}.Debug|x64.ActiveCfg = Debug|Any CPU
		{663291FB-996A-46E0-B528-CE636AC119AB}.Debug|x64.Build.0 = Debug|Any CPU
		{663291FB-996A-46E0-B528-CE636AC119AB}.Debug|x86.ActiveCfg = Debug|Any CPU
		{663291FB-996A-46E0-B528-CE636AC119AB}.Debug|x86.Build.0 = Debug|Any CPU
		{663291FB-996A-46E0-B528-CE636AC119AB}.Release|Any CPU.ActiveCfg = Release|Any CPU
		{663291FB-996A-46E0-B528-CE636AC119AB}.Release|Any CPU.Build.0 = Release|Any CPU
		{663291FB-996A-46E0-B528-CE636AC119AB}.Release|x64.ActiveCfg = Release|Any CPU
		{663291FB-996A-46E0-B528-CE636AC119AB}.Release|x64.Build.0 = Release|Any CPU
		{663291FB-996A-46E0-B528-CE636AC119AB}.Release|x86.ActiveCfg = Release|Any CPU
		{663291FB-996A-46E0-B528-CE636AC119AB}.Release|x86.Build.0 = Release|Any CPU
		{C69FB28F-1897-414F-AFDC-64FB4CAA5332}.Debug|Any CPU.ActiveCfg = Debug|Any CPU
		{C69FB28F-1897-414F-AFDC-64FB4CAA5332}.Debug|Any CPU.Build.0 = Debug|Any CPU
		{C69FB28F-1897-414F-AFDC-64FB4CAA5332}.Debug|x64.ActiveCfg = Debug|Any CPU
		{C69FB28F-1897-414F-AFDC-64FB4CAA5332}.Debug|x64.Build.0 = Debug|Any CPU
		{C69FB28F-1897-414F-AFDC-64FB4CAA5332}.Debug|x86.ActiveCfg = Debug|Any CPU
		{C69FB28F-1897-414F-AFDC-64FB4CAA5332}.Debug|x86.Build.0 = Debug|Any CPU
		{C69FB28F-1897-414F-AFDC-64FB4CAA5332}.Release|Any CPU.ActiveCfg = Release|Any CPU
		{C69FB28F-1897-414F-AFDC-64FB4CAA5332}.Release|Any CPU.Build.0 = Release|Any CPU
		{C69FB28F-1897-414F-AFDC-64FB4CAA5332}.Release|x64.ActiveCfg = Release|Any CPU
		{C69FB28F-1897-414F-AFDC-64FB4CAA5332}.Release|x64.Build.0 = Release|Any CPU
		{C69FB28F-1897-414F-AFDC-64FB4CAA5332}.Release|x86.ActiveCfg = Release|Any CPU
		{C69FB28F-1897-414F-AFDC-64FB4CAA5332}.Release|x86.Build.0 = Release|Any CPU
		{5F9865AB-D4C0-4AF7-953B-7D0F0FD71E0A}.Debug|Any CPU.ActiveCfg = Debug|Any CPU
		{5F9865AB-D4C0-4AF7-953B-7D0F0FD71E0A}.Debug|Any CPU.Build.0 = Debug|Any CPU
		{5F9865AB-D4C0-4AF7-953B-7D0F0FD71E0A}.Debug|x64.ActiveCfg = Debug|Any CPU
		{5F9865AB-D4C0-4AF7-953B-7D0F0FD71E0A}.Debug|x64.Build.0 = Debug|Any CPU
		{5F9865AB-D4C0-4AF7-953B-7D0F0FD71E0A}.Debug|x86.ActiveCfg = Debug|Any CPU
		{5F9865AB-D4C0-4AF7-953B-7D0F0FD71E0A}.Debug|x86.Build.0 = Debug|Any CPU
		{5F9865AB-D4C0-4AF7-953B-7D0F0FD71E0A}.Release|Any CPU.ActiveCfg = Release|Any CPU
		{5F9865AB-D4C0-4AF7-953B-7D0F0FD71E0A}.Release|Any CPU.Build.0 = Release|Any CPU
		{5F9865AB-D4C0-4AF7-953B-7D0F0FD71E0A}.Release|x64.ActiveCfg = Release|Any CPU
		{5F9865AB-D4C0-4AF7-953B-7D0F0FD71E0A}.Release|x64.Build.0 = Release|Any CPU
		{5F9865AB-D4C0-4AF7-953B-7D0F0FD71E0A}.Release|x86.ActiveCfg = Release|Any CPU
		{5F9865AB-D4C0-4AF7-953B-7D0F0FD71E0A}.Release|x86.Build.0 = Release|Any CPU
		{409156A4-274B-4398-9A98-313C8C9EB7CC}.Debug|Any CPU.ActiveCfg = Debug|Any CPU
		{409156A4-274B-4398-9A98-313C8C9EB7CC}.Debug|Any CPU.Build.0 = Debug|Any CPU
		{409156A4-274B-4398-9A98-313C8C9EB7CC}.Debug|x64.ActiveCfg = Debug|Any CPU
		{409156A4-274B-4398-9A98-313C8C9EB7CC}.Debug|x64.Build.0 = Debug|Any CPU
		{409156A4-274B-4398-9A98-313C8C9EB7CC}.Debug|x86.ActiveCfg = Debug|Any CPU
		{409156A4-274B-4398-9A98-313C8C9EB7CC}.Debug|x86.Build.0 = Debug|Any CPU
		{409156A4-274B-4398-9A98-313C8C9EB7CC}.Release|Any CPU.ActiveCfg = Release|Any CPU
		{409156A4-274B-4398-9A98-313C8C9EB7CC}.Release|Any CPU.Build.0 = Release|Any CPU
		{409156A4-274B-4398-9A98-313C8C9EB7CC}.Release|x64.ActiveCfg = Release|Any CPU
		{409156A4-274B-4398-9A98-313C8C9EB7CC}.Release|x64.Build.0 = Release|Any CPU
		{409156A4-274B-4398-9A98-313C8C9EB7CC}.Release|x86.ActiveCfg = Release|Any CPU
		{409156A4-274B-4398-9A98-313C8C9EB7CC}.Release|x86.Build.0 = Release|Any CPU
		{2F607BD8-B59F-47B9-88EB-CA95C3BCDA13}.Debug|Any CPU.ActiveCfg = Debug|Any CPU
		{2F607BD8-B59F-47B9-88EB-CA95C3BCDA13}.Debug|Any CPU.Build.0 = Debug|Any CPU
		{2F607BD8-B59F-47B9-88EB-CA95C3BCDA13}.Debug|x64.ActiveCfg = Debug|Any CPU
		{2F607BD8-B59F-47B9-88EB-CA95C3BCDA13}.Debug|x64.Build.0 = Debug|Any CPU
		{2F607BD8-B59F-47B9-88EB-CA95C3BCDA13}.Debug|x86.ActiveCfg = Debug|Any CPU
		{2F607BD8-B59F-47B9-88EB-CA95C3BCDA13}.Debug|x86.Build.0 = Debug|Any CPU
		{2F607BD8-B59F-47B9-88EB-CA95C3BCDA13}.Release|Any CPU.ActiveCfg = Release|Any CPU
		{2F607BD8-B59F-47B9-88EB-CA95C3BCDA13}.Release|Any CPU.Build.0 = Release|Any CPU
		{2F607BD8-B59F-47B9-88EB-CA95C3BCDA13}.Release|x64.ActiveCfg = Release|Any CPU
		{2F607BD8-B59F-47B9-88EB-CA95C3BCDA13}.Release|x64.Build.0 = Release|Any CPU
		{2F607BD8-B59F-47B9-88EB-CA95C3BCDA13}.Release|x86.ActiveCfg = Release|Any CPU
		{2F607BD8-B59F-47B9-88EB-CA95C3BCDA13}.Release|x86.Build.0 = Release|Any CPU
		{17380A79-80C3-4B93-B10A-C9BF38CAC355}.Debug|Any CPU.ActiveCfg = Debug|Any CPU
		{17380A79-80C3-4B93-B10A-C9BF38CAC355}.Debug|Any CPU.Build.0 = Debug|Any CPU
		{17380A79-80C3-4B93-B10A-C9BF38CAC355}.Debug|x64.ActiveCfg = Debug|Any CPU
		{17380A79-80C3-4B93-B10A-C9BF38CAC355}.Debug|x64.Build.0 = Debug|Any CPU
		{17380A79-80C3-4B93-B10A-C9BF38CAC355}.Debug|x86.ActiveCfg = Debug|Any CPU
		{17380A79-80C3-4B93-B10A-C9BF38CAC355}.Debug|x86.Build.0 = Debug|Any CPU
		{17380A79-80C3-4B93-B10A-C9BF38CAC355}.Release|Any CPU.ActiveCfg = Release|Any CPU
		{17380A79-80C3-4B93-B10A-C9BF38CAC355}.Release|Any CPU.Build.0 = Release|Any CPU
		{17380A79-80C3-4B93-B10A-C9BF38CAC355}.Release|x64.ActiveCfg = Release|Any CPU
		{17380A79-80C3-4B93-B10A-C9BF38CAC355}.Release|x64.Build.0 = Release|Any CPU
		{17380A79-80C3-4B93-B10A-C9BF38CAC355}.Release|x86.ActiveCfg = Release|Any CPU
		{17380A79-80C3-4B93-B10A-C9BF38CAC355}.Release|x86.Build.0 = Release|Any CPU
		{E4E53265-229A-47C5-BD71-DB96694086C4}.Debug|Any CPU.ActiveCfg = Debug|Any CPU
		{E4E53265-229A-47C5-BD71-DB96694086C4}.Debug|Any CPU.Build.0 = Debug|Any CPU
		{E4E53265-229A-47C5-BD71-DB96694086C4}.Debug|x64.ActiveCfg = Debug|Any CPU
		{E4E53265-229A-47C5-BD71-DB96694086C4}.Debug|x64.Build.0 = Debug|Any CPU
		{E4E53265-229A-47C5-BD71-DB96694086C4}.Debug|x86.ActiveCfg = Debug|Any CPU
		{E4E53265-229A-47C5-BD71-DB96694086C4}.Debug|x86.Build.0 = Debug|Any CPU
		{E4E53265-229A-47C5-BD71-DB96694086C4}.Release|Any CPU.ActiveCfg = Release|Any CPU
		{E4E53265-229A-47C5-BD71-DB96694086C4}.Release|Any CPU.Build.0 = Release|Any CPU
		{E4E53265-229A-47C5-BD71-DB96694086C4}.Release|x64.ActiveCfg = Release|Any CPU
		{E4E53265-229A-47C5-BD71-DB96694086C4}.Release|x64.Build.0 = Release|Any CPU
		{E4E53265-229A-47C5-BD71-DB96694086C4}.Release|x86.ActiveCfg = Release|Any CPU
		{E4E53265-229A-47C5-BD71-DB96694086C4}.Release|x86.Build.0 = Release|Any CPU
		{6FED423D-568D-46B7-B3FA-B795AF73319F}.Debug|Any CPU.ActiveCfg = Debug|Any CPU
		{6FED423D-568D-46B7-B3FA-B795AF73319F}.Debug|Any CPU.Build.0 = Debug|Any CPU
		{6FED423D-568D-46B7-B3FA-B795AF73319F}.Debug|x64.ActiveCfg = Debug|Any CPU
		{6FED423D-568D-46B7-B3FA-B795AF73319F}.Debug|x64.Build.0 = Debug|Any CPU
		{6FED423D-568D-46B7-B3FA-B795AF73319F}.Debug|x86.ActiveCfg = Debug|Any CPU
		{6FED423D-568D-46B7-B3FA-B795AF73319F}.Debug|x86.Build.0 = Debug|Any CPU
		{6FED423D-568D-46B7-B3FA-B795AF73319F}.Release|Any CPU.ActiveCfg = Release|Any CPU
		{6FED423D-568D-46B7-B3FA-B795AF73319F}.Release|Any CPU.Build.0 = Release|Any CPU
		{6FED423D-568D-46B7-B3FA-B795AF73319F}.Release|x64.ActiveCfg = Release|Any CPU
		{6FED423D-568D-46B7-B3FA-B795AF73319F}.Release|x64.Build.0 = Release|Any CPU
		{6FED423D-568D-46B7-B3FA-B795AF73319F}.Release|x86.ActiveCfg = Release|Any CPU
		{6FED423D-568D-46B7-B3FA-B795AF73319F}.Release|x86.Build.0 = Release|Any CPU
	EndGlobalSection
	GlobalSection(SolutionProperties) = preSolution
		HideSolutionNode = FALSE
	EndGlobalSection
	GlobalSection(NestedProjects) = preSolution
		{4356FE72-84B7-4DA1-B99D-12BEDC353682} = {F6E37CC1-13DD-49BE-B04D-AE5F3D9EC1E5}
		{7543724A-C464-40FF-BEFD-0063B8BBE066} = {F6E37CC1-13DD-49BE-B04D-AE5F3D9EC1E5}
		{BAE121B3-2AB6-47A4-8EFD-326DB08A30BF} = {F6E37CC1-13DD-49BE-B04D-AE5F3D9EC1E5}
		{7AFFFF84-F609-492C-9A33-66ADC65F82EE} = {F6E37CC1-13DD-49BE-B04D-AE5F3D9EC1E5}
		{142BDED6-9889-4494-BE79-CEA67314FF69} = {F6E37CC1-13DD-49BE-B04D-AE5F3D9EC1E5}
		{57B7FD8D-60A9-4D90-96D7-C62D4484F001} = {F6E37CC1-13DD-49BE-B04D-AE5F3D9EC1E5}
		{5605ED8B-9938-4F13-A331-7F390ED6086E} = {F6E37CC1-13DD-49BE-B04D-AE5F3D9EC1E5}
		{350B28EE-9CD6-40C5-B326-A6CC9FE13ED0} = {F6E37CC1-13DD-49BE-B04D-AE5F3D9EC1E5}
		{ACC2E0DD-452D-4DA9-ACF8-0FDE2B669715} = {F6E37CC1-13DD-49BE-B04D-AE5F3D9EC1E5}
		{BD6CA939-A4C6-46D0-9BC1-8FF461394AE7} = {F6E37CC1-13DD-49BE-B04D-AE5F3D9EC1E5}
		{25003DA9-5F00-4A11-8BA2-EB33F1E6722E} = {F6E37CC1-13DD-49BE-B04D-AE5F3D9EC1E5}
		{B908213A-6A92-483B-80FE-25A3B1C738AB} = {F6E37CC1-13DD-49BE-B04D-AE5F3D9EC1E5}
		{27415ED2-81B9-4ADC-9170-3A5D5A6C52A6} = {F6E37CC1-13DD-49BE-B04D-AE5F3D9EC1E5}
		{663291FB-996A-46E0-B528-CE636AC119AB} = {F6E37CC1-13DD-49BE-B04D-AE5F3D9EC1E5}
		{C69FB28F-1897-414F-AFDC-64FB4CAA5332} = {F6E37CC1-13DD-49BE-B04D-AE5F3D9EC1E5}
		{5F9865AB-D4C0-4AF7-953B-7D0F0FD71E0A} = {F6E37CC1-13DD-49BE-B04D-AE5F3D9EC1E5}
		{409156A4-274B-4398-9A98-313C8C9EB7CC} = {F6E37CC1-13DD-49BE-B04D-AE5F3D9EC1E5}
		{2F607BD8-B59F-47B9-88EB-CA95C3BCDA13} = {F6E37CC1-13DD-49BE-B04D-AE5F3D9EC1E5}
		{17380A79-80C3-4B93-B10A-C9BF38CAC355} = {F6E37CC1-13DD-49BE-B04D-AE5F3D9EC1E5}
		{E4E53265-229A-47C5-BD71-DB96694086C4} = {F6E37CC1-13DD-49BE-B04D-AE5F3D9EC1E5}
		{6FED423D-568D-46B7-B3FA-B795AF73319F} = {F6E37CC1-13DD-49BE-B04D-AE5F3D9EC1E5}
	EndGlobalSection
	GlobalSection(ExtensibilityGlobals) = postSolution
		SolutionGuid = {40C058BB-658B-4F9E-8045-DF73B16B4B2E}
	EndGlobalSection
EndGlobal
